
Microsoft Visual Studio Solution File, Format Version 12.00
# Visual Studio 2015
Project("{FAE04EC0-301F-11D3-BF4B-00C04F79EFBC}") = "MegaCaveman.CSharp", "MegaCaveman.CSharp.csproj", "{9B36068A-1528-013B-E972-691208C2A508}"
EndProject
Project("{FAE04EC0-301F-11D3-BF4B-00C04F79EFBC}") = "MegaCaveman.CSharp.Plugins", "MegaCaveman.CSharp.Plugins.csproj", "{A86C0FB1-4214-0085-5A8F-BC64C04720F6}"
EndProject
Project("{FAE04EC0-301F-11D3-BF4B-00C04F79EFBC}") = "MegaCaveman.CSharp.Editor", "MegaCaveman.CSharp.Editor.csproj", "{139BB2C7-0067-676C-6608-A421D5D714BD}"
EndProject
Global
	GlobalSection(SolutionConfigurationPlatforms) = preSolution
		Debug|Any CPU = Debug|Any CPU
		Release|Any CPU = Release|Any CPU
	EndGlobalSection
	GlobalSection(ProjectConfigurationPlatforms) = postSolution
		{9B36068A-1528-013B-E972-691208C2A508}.Debug|Any CPU.ActiveCfg = Debug|Any CPU
		{9B36068A-1528-013B-E972-691208C2A508}.Debug|Any CPU.Build.0 = Debug|Any CPU
		{9B36068A-1528-013B-E972-691208C2A508}.Release|Any CPU.ActiveCfg = Release|Any CPU
		{9B36068A-1528-013B-E972-691208C2A508}.Release|Any CPU.Build.0 = Release|Any CPU
		{A86C0FB1-4214-0085-5A8F-BC64C04720F6}.Debug|Any CPU.ActiveCfg = Debug|Any CPU
		{A86C0FB1-4214-0085-5A8F-BC64C04720F6}.Debug|Any CPU.Build.0 = Debug|Any CPU
		{A86C0FB1-4214-0085-5A8F-BC64C04720F6}.Release|Any CPU.ActiveCfg = Release|Any CPU
		{A86C0FB1-4214-0085-5A8F-BC64C04720F6}.Release|Any CPU.Build.0 = Release|Any CPU
		{139BB2C7-0067-676C-6608-A421D5D714BD}.Debug|Any CPU.ActiveCfg = Debug|Any CPU
		{139BB2C7-0067-676C-6608-A421D5D714BD}.Debug|Any CPU.Build.0 = Debug|Any CPU
		{139BB2C7-0067-676C-6608-A421D5D714BD}.Release|Any CPU.ActiveCfg = Release|Any CPU
		{139BB2C7-0067-676C-6608-A421D5D714BD}.Release|Any CPU.Build.0 = Release|Any CPU
	EndGlobalSection
	GlobalSection(SolutionProperties) = preSolution
		HideSolutionNode = FALSE
	EndGlobalSection
EndGlobal
